
Microsoft Visual Studio Solution File, Format Version 12.00
# Visual Studio 2017
<<<<<<< HEAD
Project("{FAE04EC0-301F-11D3-BF4B-00C04F79EFBC}") = "WonderCrash", "WonderCrash.csproj", "{D7468CD2-0F32-5226-78C3-0F933CB123CF}"
EndProject
=======
Project("{FAE04EC0-301F-11D3-BF4B-00C04F79EFBC}") = "WonderCrash.Plugins", "WonderCrash.Plugins.csproj", "{C2E63AB6-AF59-5196-4D2A-8754D9D648F8}"
EndProject
Project("{FAE04EC0-301F-11D3-BF4B-00C04F79EFBC}") = "WonderCrash", "WonderCrash.csproj", "{D7468CD2-0F32-5226-78C3-0F933CB123CF}"
EndProject
>>>>>>> 5eb5a75ab0586283491b561bc77ba7ac522d94f1
Project("{FAE04EC0-301F-11D3-BF4B-00C04F79EFBC}") = "WonderCrash.Editor", "WonderCrash.Editor.csproj", "{C41FF889-2E5D-75C8-7EB5-DF513AAA2BC2}"
EndProject
Global
	GlobalSection(SolutionConfigurationPlatforms) = preSolution
		Debug|Any CPU = Debug|Any CPU
		Release|Any CPU = Release|Any CPU
	EndGlobalSection
	GlobalSection(ProjectConfigurationPlatforms) = postSolution
<<<<<<< HEAD
=======
		{C2E63AB6-AF59-5196-4D2A-8754D9D648F8}.Debug|Any CPU.ActiveCfg = Debug|Any CPU
		{C2E63AB6-AF59-5196-4D2A-8754D9D648F8}.Debug|Any CPU.Build.0 = Debug|Any CPU
		{C2E63AB6-AF59-5196-4D2A-8754D9D648F8}.Release|Any CPU.ActiveCfg = Release|Any CPU
		{C2E63AB6-AF59-5196-4D2A-8754D9D648F8}.Release|Any CPU.Build.0 = Release|Any CPU
>>>>>>> 5eb5a75ab0586283491b561bc77ba7ac522d94f1
		{D7468CD2-0F32-5226-78C3-0F933CB123CF}.Debug|Any CPU.ActiveCfg = Debug|Any CPU
		{D7468CD2-0F32-5226-78C3-0F933CB123CF}.Debug|Any CPU.Build.0 = Debug|Any CPU
		{D7468CD2-0F32-5226-78C3-0F933CB123CF}.Release|Any CPU.ActiveCfg = Release|Any CPU
		{D7468CD2-0F32-5226-78C3-0F933CB123CF}.Release|Any CPU.Build.0 = Release|Any CPU
		{C41FF889-2E5D-75C8-7EB5-DF513AAA2BC2}.Debug|Any CPU.ActiveCfg = Debug|Any CPU
		{C41FF889-2E5D-75C8-7EB5-DF513AAA2BC2}.Debug|Any CPU.Build.0 = Debug|Any CPU
		{C41FF889-2E5D-75C8-7EB5-DF513AAA2BC2}.Release|Any CPU.ActiveCfg = Release|Any CPU
		{C41FF889-2E5D-75C8-7EB5-DF513AAA2BC2}.Release|Any CPU.Build.0 = Release|Any CPU
	EndGlobalSection
	GlobalSection(SolutionProperties) = preSolution
		HideSolutionNode = FALSE
	EndGlobalSection
EndGlobal
